
Microsoft Visual Studio Solution File, Format Version 12.00
# Visual Studio Version 17
VisualStudioVersion = 17.1.32407.343
MinimumVisualStudioVersion = 10.0.40219.1
Project("{888888A0-9F3D-457C-B088-3A5042F75D52}") = "DuoStatAggregator", "DuoStatAggregator.pyproj", "{3DFA07CA-16F6-4DD4-AFD3-769DCCEFF2C4}"
EndProject
Global
	GlobalSection(SolutionConfigurationPlatforms) = preSolution
		Debug|Any CPU = Debug|Any CPU
		Release|Any CPU = Release|Any CPU
	EndGlobalSection
	GlobalSection(ProjectConfigurationPlatforms) = postSolution
		{3DFA07CA-16F6-4DD4-AFD3-769DCCEFF2C4}.Debug|Any CPU.ActiveCfg = Debug|Any CPU
		{3DFA07CA-16F6-4DD4-AFD3-769DCCEFF2C4}.Release|Any CPU.ActiveCfg = Release|Any CPU
	EndGlobalSection
	GlobalSection(SolutionProperties) = preSolution
		HideSolutionNode = FALSE
	EndGlobalSection
	GlobalSection(ExtensibilityGlobals) = postSolution
		SolutionGuid = {CB4BA797-1347-4144-BA24-A890A64F4CAF}
	EndGlobalSection
EndGlobal
